<?xml version="1.0" encoding="utf-8"?>
<Project ToolsVersion="4.0" xmlns="http://schemas.microsoft.com/developer/msbuild/2003">
  <ItemGroup>
    <ClCompile Include="main.cpp" />
  </ItemGroup>
  <ItemGroup>
    <Filter Include="include">
      <UniqueIdentifier>{23412533-877a-4828-a516-cfe445c9aa3c}</UniqueIdentifier>
    </Filter>
    <Filter Include="src">
      <UniqueIdentifier>{522fb134-ce18-4842-94c7-8573512b623e}</UniqueIdentifier>
    </Filter>
  </ItemGroup>
  <ItemGroup>
    <ClInclude Include="..\include\gclib\GCNode.hpp">
      <Filter>include</Filter>
    </ClInclude>
    <ClInclude Include="..\include\gclib\GCList.hpp">
      <Filter>include</Filter>
    </ClInclude>
  </ItemGroup>
</Project>